// !$*UTF8*$!
{
	archiveVersion = 1;
	classes = {
	};
	objectVersion = 46;
	objects = {

/* Begin PBXBuildFile section */
		2566916F5A3B6A68D81AC50A /* libPods-iHS SwiftUITests.a in Frameworks */ = {isa = PBXBuildFile; fileRef = A5CC00DA651E7762CE8EF54B /* libPods-iHS SwiftUITests.a */; };
		5B00F0E81DF7CE5A00C8BF5E /* CellNotify.swift in Sources */ = {isa = PBXBuildFile; fileRef = 5B00F0E71DF7CE5A00C8BF5E /* CellNotify.swift */; };
		5B00F0EA1DF7CE7400C8BF5E /* CellNotify.xib in Resources */ = {isa = PBXBuildFile; fileRef = 5B00F0E91DF7CE7400C8BF5E /* CellNotify.xib */; };
		5B00F0EC1DF7CEE200C8BF5E /* NotifyVC.swift in Sources */ = {isa = PBXBuildFile; fileRef = 5B00F0EB1DF7CEE200C8BF5E /* NotifyVC.swift */; };
		5B06B69A1DD35F0A004E9877 /* TopBar.swift in Sources */ = {isa = PBXBuildFile; fileRef = 5B06B6991DD35F0A004E9877 /* TopBar.swift */; };
		5B06B69C1DD36199004E9877 /* TopBar.xib in Resources */ = {isa = PBXBuildFile; fileRef = 5B06B69B1DD36199004E9877 /* TopBar.xib */; };
		5B06CBF51DF40CAD000C4DE6 /* TopBarRooms.swift in Sources */ = {isa = PBXBuildFile; fileRef = 5B06CBF41DF40CAD000C4DE6 /* TopBarRooms.swift */; };
		5B06CBF71DF40CBE000C4DE6 /* TopBarRooms.xib in Resources */ = {isa = PBXBuildFile; fileRef = 5B06CBF61DF40CBD000C4DE6 /* TopBarRooms.xib */; };
		5B06CBF91DF413CE000C4DE6 /* DeviceVC.swift in Sources */ = {isa = PBXBuildFile; fileRef = 5B06CBF81DF413CE000C4DE6 /* DeviceVC.swift */; };
		5B06CBFD1DF42E6D000C4DE6 /* Cooler.swift in Sources */ = {isa = PBXBuildFile; fileRef = 5B06CBFC1DF42E6D000C4DE6 /* Cooler.swift */; };
		5B06CBFF1DF42E78000C4DE6 /* Cooler.xib in Resources */ = {isa = PBXBuildFile; fileRef = 5B06CBFE1DF42E78000C4DE6 /* Cooler.xib */; };
		5B06CC031DF42EA5000C4DE6 /* Curtain.swift in Sources */ = {isa = PBXBuildFile; fileRef = 5B06CC021DF42EA5000C4DE6 /* Curtain.swift */; };
		5B06CC051DF42EAE000C4DE6 /* Curtain.xib in Resources */ = {isa = PBXBuildFile; fileRef = 5B06CC041DF42EAE000C4DE6 /* Curtain.xib */; };
		5B06CC081DF42F28000C4DE6 /* Switch.xib in Resources */ = {isa = PBXBuildFile; fileRef = 5B06CC071DF42F28000C4DE6 /* Switch.xib */; };
		5B06CC0A1DF42F30000C4DE6 /* Switch.swift in Sources */ = {isa = PBXBuildFile; fileRef = 5B06CC091DF42F30000C4DE6 /* Switch.swift */; };
		5B06CC0C1DF42F47000C4DE6 /* Dimmer.swift in Sources */ = {isa = PBXBuildFile; fileRef = 5B06CC0B1DF42F47000C4DE6 /* Dimmer.swift */; };
		5B06CC0F1DF42F5E000C4DE6 /* Dimmer.xib in Resources */ = {isa = PBXBuildFile; fileRef = 5B06CC0E1DF42F5E000C4DE6 /* Dimmer.xib */; };
		5B35C82A1DE6AC9A0054470B /* SyncRecieveModel.swift in Sources */ = {isa = PBXBuildFile; fileRef = 5B35C8291DE6AC9A0054470B /* SyncRecieveModel.swift */; };
		5B3937FD1DDC515600808098 /* SectionRoomsLeftAllignment.swift in Sources */ = {isa = PBXBuildFile; fileRef = 5B3937FC1DDC515600808098 /* SectionRoomsLeftAllignment.swift */; };
		5B3937FF1DDC516E00808098 /* SectionRoomsLeftAllignment.xib in Resources */ = {isa = PBXBuildFile; fileRef = 5B3937FE1DDC516E00808098 /* SectionRoomsLeftAllignment.xib */; };
		5B3938011DDC544700808098 /* CellRoomsLeftAllignment.swift in Sources */ = {isa = PBXBuildFile; fileRef = 5B3938001DDC544700808098 /* CellRoomsLeftAllignment.swift */; };
		5B3938031DDC547500808098 /* CellRoomsLeftAllignment.xib in Resources */ = {isa = PBXBuildFile; fileRef = 5B3938021DDC547500808098 /* CellRoomsLeftAllignment.xib */; };
		5B43C5641DE2BEDF00F8EDEF /* TopBarScenario.swift in Sources */ = {isa = PBXBuildFile; fileRef = 5B43C5631DE2BEDF00F8EDEF /* TopBarScenario.swift */; };
		5B43C5671DE2BEFD00F8EDEF /* TopBarScenario.xib in Resources */ = {isa = PBXBuildFile; fileRef = 5B43C5661DE2BEFD00F8EDEF /* TopBarScenario.xib */; };
		5B43C56D1DE2C8E500F8EDEF /* ScenarioDetailVC.swift in Sources */ = {isa = PBXBuildFile; fileRef = 5B43C56C1DE2C8E500F8EDEF /* ScenarioDetailVC.swift */; };
		5B6247C11DD7007700760F10 /* CellRooms.xib in Resources */ = {isa = PBXBuildFile; fileRef = 5B6247C01DD7007700760F10 /* CellRooms.xib */; };
		5B6247C31DD700BB00760F10 /* CellRooms.swift in Sources */ = {isa = PBXBuildFile; fileRef = 5B6247C21DD700BB00760F10 /* CellRooms.swift */; };
		5B6247C51DD700D500760F10 /* SectionRooms.xib in Resources */ = {isa = PBXBuildFile; fileRef = 5B6247C41DD700D500760F10 /* SectionRooms.xib */; };
		5B6247C71DD700E800760F10 /* SectionRooms.swift in Sources */ = {isa = PBXBuildFile; fileRef = 5B6247C61DD700E800760F10 /* SectionRooms.swift */; };
		5BA3915B1DD9D1C0009B0D2F /* SettingsModel.swift in Sources */ = {isa = PBXBuildFile; fileRef = 5BA3915A1DD9D1C0009B0D2F /* SettingsModel.swift */; };
		5BA3915D1DD9D203009B0D2F /* SwitchModel.swift in Sources */ = {isa = PBXBuildFile; fileRef = 5BA3915C1DD9D203009B0D2F /* SwitchModel.swift */; };
		5BA3915F1DD9D28D009B0D2F /* TranslationModel.swift in Sources */ = {isa = PBXBuildFile; fileRef = 5BA3915E1DD9D28D009B0D2F /* TranslationModel.swift */; };
		5BC2B5911DE02F1800D3F597 /* DataManager.swift in Sources */ = {isa = PBXBuildFile; fileRef = 5BC2B5901DE02F1800D3F597 /* DataManager.swift */; };
		5BCDCD5D1DD47FAE00CC3372 /* Main.storyboard in Resources */ = {isa = PBXBuildFile; fileRef = 5BCDCD5C1DD47FAE00CC3372 /* Main.storyboard */; };
		5BCDCD6D1DD47FF600CC3372 /* SecondPageTBC.swift in Sources */ = {isa = PBXBuildFile; fileRef = 5BCDCD681DD47FF600CC3372 /* SecondPageTBC.swift */; };
		5BCDCD6E1DD47FF600CC3372 /* FavoritesVC.swift in Sources */ = {isa = PBXBuildFile; fileRef = 5BCDCD691DD47FF600CC3372 /* FavoritesVC.swift */; };
		5BCDCD6F1DD47FF600CC3372 /* DevicesVC.swift in Sources */ = {isa = PBXBuildFile; fileRef = 5BCDCD6A1DD47FF600CC3372 /* DevicesVC.swift */; };
		5BCDCD701DD47FF600CC3372 /* ScenarioVC.swift in Sources */ = {isa = PBXBuildFile; fileRef = 5BCDCD6B1DD47FF600CC3372 /* ScenarioVC.swift */; };
		5BCDCD711DD47FF600CC3372 /* SettingVC.swift in Sources */ = {isa = PBXBuildFile; fileRef = 5BCDCD6C1DD47FF600CC3372 /* SettingVC.swift */; };
		5BDC76DF1DD993AD00F63E55 /* RoomModel.swift in Sources */ = {isa = PBXBuildFile; fileRef = 5BDC76DE1DD993AD00F63E55 /* RoomModel.swift */; };
		5BDC76E11DD993BF00F63E55 /* SectionModel.swift in Sources */ = {isa = PBXBuildFile; fileRef = 5BDC76E01DD993BF00F63E55 /* SectionModel.swift */; };
		5BDC76E31DD99EBE00F63E55 /* NodeModel.swift in Sources */ = {isa = PBXBuildFile; fileRef = 5BDC76E21DD99EBE00F63E55 /* NodeModel.swift */; };
		5BDC76E51DD99F3000F63E55 /* NotifyModel.swift in Sources */ = {isa = PBXBuildFile; fileRef = 5BDC76E41DD99F3000F63E55 /* NotifyModel.swift */; };
		5BDC76E71DD99F7A00F63E55 /* ScenarioModel.swift in Sources */ = {isa = PBXBuildFile; fileRef = 5BDC76E61DD99F7A00F63E55 /* ScenarioModel.swift */; };
		5BDD8E821DEEE8EE007EFB62 /* ScenarioDetailCell.swift in Sources */ = {isa = PBXBuildFile; fileRef = 5BDD8E811DEEE8EE007EFB62 /* ScenarioDetailCell.swift */; };
		5BE487521DDD6CB600635116 /* VerificationModel.swift in Sources */ = {isa = PBXBuildFile; fileRef = 5BE487511DDD6CB600635116 /* VerificationModel.swift */; };
		5BE487551DDD885700635116 /* SyncDataModel.swift in Sources */ = {isa = PBXBuildFile; fileRef = 5BE487541DDD885700635116 /* SyncDataModel.swift */; };
		5BE487571DDD887900635116 /* SyncSendModel.swift in Sources */ = {isa = PBXBuildFile; fileRef = 5BE487561DDD887900635116 /* SyncSendModel.swift */; };
		5BEA78CC1DDAD91700A71068 /* CellFavorites.xib in Resources */ = {isa = PBXBuildFile; fileRef = 5BEA78CB1DDAD91700A71068 /* CellFavorites.xib */; };
		5BEA78CE1DDAD94300A71068 /* CellFavorites.swift in Sources */ = {isa = PBXBuildFile; fileRef = 5BEA78CD1DDAD94300A71068 /* CellFavorites.swift */; };
		5BEA78D11DDAE4F000A71068 /* CellScenarios.xib in Resources */ = {isa = PBXBuildFile; fileRef = 5BEA78D01DDAE4F000A71068 /* CellScenarios.xib */; };
		5BEA78D31DDAE50F00A71068 /* CellScenario.swift in Sources */ = {isa = PBXBuildFile; fileRef = 5BEA78D21DDAE50F00A71068 /* CellScenario.swift */; };
		9076CD0CDE56C977F16A007A /* libPods-iHS SwiftTests.a in Frameworks */ = {isa = PBXBuildFile; fileRef = DFC69544FCADE95E58F157AC /* libPods-iHS SwiftTests.a */; };
		911903B57F293EBD6D3B3C27 /* libPods-iHS Swift.a in Frameworks */ = {isa = PBXBuildFile; fileRef = FFE73A0A9454D190F3B4AF36 /* libPods-iHS Swift.a */; };
		EE0D95E81DD45952004581C4 /* IHS15.sqlite in Resources */ = {isa = PBXBuildFile; fileRef = EE0D95E71DD45952004581C4 /* IHS15.sqlite */; };
		EE0D95EA1DD45AD1004581C4 /* A.swift in Sources */ = {isa = PBXBuildFile; fileRef = EE0D95E91DD45AD1004581C4 /* A.swift */; };
		EE0D95F01DD45BAA004581C4 /* Socket.c in Sources */ = {isa = PBXBuildFile; fileRef = EE0D95ED1DD45BAA004581C4 /* Socket.c */; };
		EE0D95F11DD45BAA004581C4 /* SocketManager.swift in Sources */ = {isa = PBXBuildFile; fileRef = EE0D95EF1DD45BAA004581C4 /* SocketManager.swift */; };
		EE0D95F41DD46076004581C4 /* DBManager.swift in Sources */ = {isa = PBXBuildFile; fileRef = EE0D95F31DD46076004581C4 /* DBManager.swift */; };
		EE35A68F1DEEB3C90076DE76 /* Reachability.swift in Sources */ = {isa = PBXBuildFile; fileRef = EE35A68E1DEEB3C90076DE76 /* Reachability.swift */; };
		EECF738B1DE6AB75006DA1B4 /* Internet.swift in Sources */ = {isa = PBXBuildFile; fileRef = EECF738A1DE6AB75006DA1B4 /* Internet.swift */; };
		EED4DA091DDC36B400299ED0 /* Welcome.storyboard in Resources */ = {isa = PBXBuildFile; fileRef = EED4DA081DDC36B400299ED0 /* Welcome.storyboard */; };
		EED4DA0D1DDC372C00299ED0 /* JsonMaker.swift in Sources */ = {isa = PBXBuildFile; fileRef = EED4DA0B1DDC372C00299ED0 /* JsonMaker.swift */; };
		EED4DA0E1DDC372C00299ED0 /* JsonSerializer.swift in Sources */ = {isa = PBXBuildFile; fileRef = EED4DA0C1DDC372C00299ED0 /* JsonSerializer.swift */; };
		EED4DA131DDC49C500299ED0 /* LanguageVC.swift in Sources */ = {isa = PBXBuildFile; fileRef = EED4DA0F1DDC49C500299ED0 /* LanguageVC.swift */; };
		EED4DA141DDC49C500299ED0 /* WelcomeVC.swift in Sources */ = {isa = PBXBuildFile; fileRef = EED4DA101DDC49C500299ED0 /* WelcomeVC.swift */; };
		EED4DA151DDC49C500299ED0 /* RegisterVC.swift in Sources */ = {isa = PBXBuildFile; fileRef = EED4DA111DDC49C500299ED0 /* RegisterVC.swift */; };
		EED4DA161DDC49C500299ED0 /* BarcodeVC.swift in Sources */ = {isa = PBXBuildFile; fileRef = EED4DA121DDC49C500299ED0 /* BarcodeVC.swift */; };
		EEDA15211DD33AC0007D1F3F /* AppDelegate.swift in Sources */ = {isa = PBXBuildFile; fileRef = EEDA15201DD33AC0007D1F3F /* AppDelegate.swift */; };
		EEDA15281DD33AC0007D1F3F /* Assets.xcassets in Resources */ = {isa = PBXBuildFile; fileRef = EEDA15271DD33AC0007D1F3F /* Assets.xcassets */; };
		EEDA152B1DD33AC0007D1F3F /* LaunchScreen.storyboard in Resources */ = {isa = PBXBuildFile; fileRef = EEDA15291DD33AC0007D1F3F /* LaunchScreen.storyboard */; };
		EEDA15361DD33AC0007D1F3F /* iHS_SwiftTests.swift in Sources */ = {isa = PBXBuildFile; fileRef = EEDA15351DD33AC0007D1F3F /* iHS_SwiftTests.swift */; };
		EEDA15411DD33AC0007D1F3F /* iHS_SwiftUITests.swift in Sources */ = {isa = PBXBuildFile; fileRef = EEDA15401DD33AC0007D1F3F /* iHS_SwiftUITests.swift */; };
/* End PBXBuildFile section */

/* Begin PBXContainerItemProxy section */
		EEDA15321DD33AC0007D1F3F /* PBXContainerItemProxy */ = {
			isa = PBXContainerItemProxy;
			containerPortal = EEDA15151DD33ABF007D1F3F /* Project object */;
			proxyType = 1;
			remoteGlobalIDString = EEDA151C1DD33AC0007D1F3F;
			remoteInfo = "iHS Swift";
		};
		EEDA153D1DD33AC0007D1F3F /* PBXContainerItemProxy */ = {
			isa = PBXContainerItemProxy;
			containerPortal = EEDA15151DD33ABF007D1F3F /* Project object */;
			proxyType = 1;
			remoteGlobalIDString = EEDA151C1DD33AC0007D1F3F;
			remoteInfo = "iHS Swift";
		};
/* End PBXContainerItemProxy section */

/* Begin PBXFileReference section */
		02749164C035E008FF644075 /* Pods-iHS SwiftUITests.debug.xcconfig */ = {isa = PBXFileReference; includeInIndex = 1; lastKnownFileType = text.xcconfig; name = "Pods-iHS SwiftUITests.debug.xcconfig"; path = "Pods/Target Support Files/Pods-iHS SwiftUITests/Pods-iHS SwiftUITests.debug.xcconfig"; sourceTree = "<group>"; };
		5B00F0E71DF7CE5A00C8BF5E /* CellNotify.swift */ = {isa = PBXFileReference; fileEncoding = 4; lastKnownFileType = sourcecode.swift; path = CellNotify.swift; sourceTree = "<group>"; };
		5B00F0E91DF7CE7400C8BF5E /* CellNotify.xib */ = {isa = PBXFileReference; fileEncoding = 4; lastKnownFileType = file.xib; path = CellNotify.xib; sourceTree = "<group>"; };
		5B00F0EB1DF7CEE200C8BF5E /* NotifyVC.swift */ = {isa = PBXFileReference; fileEncoding = 4; lastKnownFileType = sourcecode.swift; path = NotifyVC.swift; sourceTree = "<group>"; };
		5B06B6991DD35F0A004E9877 /* TopBar.swift */ = {isa = PBXFileReference; fileEncoding = 4; lastKnownFileType = sourcecode.swift; path = TopBar.swift; sourceTree = "<group>"; };
		5B06B69B1DD36199004E9877 /* TopBar.xib */ = {isa = PBXFileReference; fileEncoding = 4; lastKnownFileType = file.xib; path = TopBar.xib; sourceTree = "<group>"; };
		5B06CBF41DF40CAD000C4DE6 /* TopBarRooms.swift */ = {isa = PBXFileReference; fileEncoding = 4; lastKnownFileType = sourcecode.swift; path = TopBarRooms.swift; sourceTree = "<group>"; };
		5B06CBF61DF40CBD000C4DE6 /* TopBarRooms.xib */ = {isa = PBXFileReference; fileEncoding = 4; lastKnownFileType = file.xib; path = TopBarRooms.xib; sourceTree = "<group>"; };
		5B06CBF81DF413CE000C4DE6 /* DeviceVC.swift */ = {isa = PBXFileReference; fileEncoding = 4; lastKnownFileType = sourcecode.swift; path = DeviceVC.swift; sourceTree = "<group>"; };
		5B06CBFC1DF42E6D000C4DE6 /* Cooler.swift */ = {isa = PBXFileReference; fileEncoding = 4; lastKnownFileType = sourcecode.swift; path = Cooler.swift; sourceTree = "<group>"; };
		5B06CBFE1DF42E78000C4DE6 /* Cooler.xib */ = {isa = PBXFileReference; fileEncoding = 4; lastKnownFileType = file.xib; path = Cooler.xib; sourceTree = "<group>"; };
		5B06CC021DF42EA5000C4DE6 /* Curtain.swift */ = {isa = PBXFileReference; fileEncoding = 4; lastKnownFileType = sourcecode.swift; path = Curtain.swift; sourceTree = "<group>"; };
		5B06CC041DF42EAE000C4DE6 /* Curtain.xib */ = {isa = PBXFileReference; fileEncoding = 4; lastKnownFileType = file.xib; path = Curtain.xib; sourceTree = "<group>"; };
		5B06CC071DF42F28000C4DE6 /* Switch.xib */ = {isa = PBXFileReference; fileEncoding = 4; lastKnownFileType = file.xib; path = Switch.xib; sourceTree = "<group>"; };
		5B06CC091DF42F30000C4DE6 /* Switch.swift */ = {isa = PBXFileReference; fileEncoding = 4; lastKnownFileType = sourcecode.swift; path = Switch.swift; sourceTree = "<group>"; };
		5B06CC0B1DF42F47000C4DE6 /* Dimmer.swift */ = {isa = PBXFileReference; fileEncoding = 4; lastKnownFileType = sourcecode.swift; path = Dimmer.swift; sourceTree = "<group>"; };
		5B06CC0E1DF42F5E000C4DE6 /* Dimmer.xib */ = {isa = PBXFileReference; fileEncoding = 4; lastKnownFileType = file.xib; path = Dimmer.xib; sourceTree = "<group>"; };
		5B35C8291DE6AC9A0054470B /* SyncRecieveModel.swift */ = {isa = PBXFileReference; fileEncoding = 4; lastKnownFileType = sourcecode.swift; path = SyncRecieveModel.swift; sourceTree = "<group>"; };
		5B3937FC1DDC515600808098 /* SectionRoomsLeftAllignment.swift */ = {isa = PBXFileReference; fileEncoding = 4; lastKnownFileType = sourcecode.swift; path = SectionRoomsLeftAllignment.swift; sourceTree = "<group>"; };
		5B3937FE1DDC516E00808098 /* SectionRoomsLeftAllignment.xib */ = {isa = PBXFileReference; fileEncoding = 4; lastKnownFileType = file.xib; path = SectionRoomsLeftAllignment.xib; sourceTree = "<group>"; };
		5B3938001DDC544700808098 /* CellRoomsLeftAllignment.swift */ = {isa = PBXFileReference; fileEncoding = 4; lastKnownFileType = sourcecode.swift; path = CellRoomsLeftAllignment.swift; sourceTree = "<group>"; };
		5B3938021DDC547500808098 /* CellRoomsLeftAllignment.xib */ = {isa = PBXFileReference; fileEncoding = 4; lastKnownFileType = file.xib; path = CellRoomsLeftAllignment.xib; sourceTree = "<group>"; };
		5B43C5631DE2BEDF00F8EDEF /* TopBarScenario.swift */ = {isa = PBXFileReference; fileEncoding = 4; lastKnownFileType = sourcecode.swift; path = TopBarScenario.swift; sourceTree = "<group>"; };
		5B43C5661DE2BEFD00F8EDEF /* TopBarScenario.xib */ = {isa = PBXFileReference; fileEncoding = 4; lastKnownFileType = file.xib; path = TopBarScenario.xib; sourceTree = "<group>"; };
		5B43C56C1DE2C8E500F8EDEF /* ScenarioDetailVC.swift */ = {isa = PBXFileReference; fileEncoding = 4; lastKnownFileType = sourcecode.swift; path = ScenarioDetailVC.swift; sourceTree = "<group>"; };
		5B6247C01DD7007700760F10 /* CellRooms.xib */ = {isa = PBXFileReference; fileEncoding = 4; lastKnownFileType = file.xib; path = CellRooms.xib; sourceTree = "<group>"; };
		5B6247C21DD700BB00760F10 /* CellRooms.swift */ = {isa = PBXFileReference; fileEncoding = 4; lastKnownFileType = sourcecode.swift; path = CellRooms.swift; sourceTree = "<group>"; };
		5B6247C41DD700D500760F10 /* SectionRooms.xib */ = {isa = PBXFileReference; fileEncoding = 4; lastKnownFileType = file.xib; path = SectionRooms.xib; sourceTree = "<group>"; };
		5B6247C61DD700E800760F10 /* SectionRooms.swift */ = {isa = PBXFileReference; fileEncoding = 4; lastKnownFileType = sourcecode.swift; path = SectionRooms.swift; sourceTree = "<group>"; };
		5BA3915A1DD9D1C0009B0D2F /* SettingsModel.swift */ = {isa = PBXFileReference; fileEncoding = 4; lastKnownFileType = sourcecode.swift; path = SettingsModel.swift; sourceTree = "<group>"; };
		5BA3915C1DD9D203009B0D2F /* SwitchModel.swift */ = {isa = PBXFileReference; fileEncoding = 4; lastKnownFileType = sourcecode.swift; path = SwitchModel.swift; sourceTree = "<group>"; };
		5BA3915E1DD9D28D009B0D2F /* TranslationModel.swift */ = {isa = PBXFileReference; fileEncoding = 4; lastKnownFileType = sourcecode.swift; path = TranslationModel.swift; sourceTree = "<group>"; };
		5BC2B5901DE02F1800D3F597 /* DataManager.swift */ = {isa = PBXFileReference; fileEncoding = 4; lastKnownFileType = sourcecode.swift; path = DataManager.swift; sourceTree = "<group>"; };
		5BCDCD5C1DD47FAE00CC3372 /* Main.storyboard */ = {isa = PBXFileReference; fileEncoding = 4; lastKnownFileType = file.storyboard; path = Main.storyboard; sourceTree = "<group>"; };
		5BCDCD681DD47FF600CC3372 /* SecondPageTBC.swift */ = {isa = PBXFileReference; fileEncoding = 4; lastKnownFileType = sourcecode.swift; path = SecondPageTBC.swift; sourceTree = "<group>"; };
		5BCDCD691DD47FF600CC3372 /* FavoritesVC.swift */ = {isa = PBXFileReference; fileEncoding = 4; lastKnownFileType = sourcecode.swift; path = FavoritesVC.swift; sourceTree = "<group>"; };
		5BCDCD6A1DD47FF600CC3372 /* DevicesVC.swift */ = {isa = PBXFileReference; fileEncoding = 4; lastKnownFileType = sourcecode.swift; path = DevicesVC.swift; sourceTree = "<group>"; };
		5BCDCD6B1DD47FF600CC3372 /* ScenarioVC.swift */ = {isa = PBXFileReference; fileEncoding = 4; lastKnownFileType = sourcecode.swift; path = ScenarioVC.swift; sourceTree = "<group>"; };
		5BCDCD6C1DD47FF600CC3372 /* SettingVC.swift */ = {isa = PBXFileReference; fileEncoding = 4; lastKnownFileType = sourcecode.swift; path = SettingVC.swift; sourceTree = "<group>"; };
		5BDC76DE1DD993AD00F63E55 /* RoomModel.swift */ = {isa = PBXFileReference; fileEncoding = 4; lastKnownFileType = sourcecode.swift; path = RoomModel.swift; sourceTree = "<group>"; };
		5BDC76E01DD993BF00F63E55 /* SectionModel.swift */ = {isa = PBXFileReference; fileEncoding = 4; lastKnownFileType = sourcecode.swift; path = SectionModel.swift; sourceTree = "<group>"; };
		5BDC76E21DD99EBE00F63E55 /* NodeModel.swift */ = {isa = PBXFileReference; fileEncoding = 4; lastKnownFileType = sourcecode.swift; path = NodeModel.swift; sourceTree = "<group>"; };
		5BDC76E41DD99F3000F63E55 /* NotifyModel.swift */ = {isa = PBXFileReference; fileEncoding = 4; lastKnownFileType = sourcecode.swift; path = NotifyModel.swift; sourceTree = "<group>"; };
		5BDC76E61DD99F7A00F63E55 /* ScenarioModel.swift */ = {isa = PBXFileReference; fileEncoding = 4; lastKnownFileType = sourcecode.swift; path = ScenarioModel.swift; sourceTree = "<group>"; };
		5BDD8E811DEEE8EE007EFB62 /* ScenarioDetailCell.swift */ = {isa = PBXFileReference; fileEncoding = 4; lastKnownFileType = sourcecode.swift; path = ScenarioDetailCell.swift; sourceTree = "<group>"; };
		5BE487511DDD6CB600635116 /* VerificationModel.swift */ = {isa = PBXFileReference; fileEncoding = 4; lastKnownFileType = sourcecode.swift; path = VerificationModel.swift; sourceTree = "<group>"; };
		5BE487541DDD885700635116 /* SyncDataModel.swift */ = {isa = PBXFileReference; fileEncoding = 4; lastKnownFileType = sourcecode.swift; path = SyncDataModel.swift; sourceTree = "<group>"; };
		5BE487561DDD887900635116 /* SyncSendModel.swift */ = {isa = PBXFileReference; fileEncoding = 4; lastKnownFileType = sourcecode.swift; path = SyncSendModel.swift; sourceTree = "<group>"; };
		5BEA78CB1DDAD91700A71068 /* CellFavorites.xib */ = {isa = PBXFileReference; fileEncoding = 4; lastKnownFileType = file.xib; path = CellFavorites.xib; sourceTree = "<group>"; };
		5BEA78CD1DDAD94300A71068 /* CellFavorites.swift */ = {isa = PBXFileReference; fileEncoding = 4; lastKnownFileType = sourcecode.swift; path = CellFavorites.swift; sourceTree = "<group>"; };
		5BEA78D01DDAE4F000A71068 /* CellScenarios.xib */ = {isa = PBXFileReference; fileEncoding = 4; lastKnownFileType = file.xib; path = CellScenarios.xib; sourceTree = "<group>"; };
		5BEA78D21DDAE50F00A71068 /* CellScenario.swift */ = {isa = PBXFileReference; fileEncoding = 4; lastKnownFileType = sourcecode.swift; path = CellScenario.swift; sourceTree = "<group>"; };
		696FC33BFC8868DAEABD38FF /* Pods-iHS SwiftTests.release.xcconfig */ = {isa = PBXFileReference; includeInIndex = 1; lastKnownFileType = text.xcconfig; name = "Pods-iHS SwiftTests.release.xcconfig"; path = "Pods/Target Support Files/Pods-iHS SwiftTests/Pods-iHS SwiftTests.release.xcconfig"; sourceTree = "<group>"; };
		6EAD22B47A02235459A4EAEA /* Pods-iHS SwiftUITests.release.xcconfig */ = {isa = PBXFileReference; includeInIndex = 1; lastKnownFileType = text.xcconfig; name = "Pods-iHS SwiftUITests.release.xcconfig"; path = "Pods/Target Support Files/Pods-iHS SwiftUITests/Pods-iHS SwiftUITests.release.xcconfig"; sourceTree = "<group>"; };
		A5CC00DA651E7762CE8EF54B /* libPods-iHS SwiftUITests.a */ = {isa = PBXFileReference; explicitFileType = archive.ar; includeInIndex = 0; path = "libPods-iHS SwiftUITests.a"; sourceTree = BUILT_PRODUCTS_DIR; };
		B1122BBDB93314F843980D19 /* Pods-iHS Swift.release.xcconfig */ = {isa = PBXFileReference; includeInIndex = 1; lastKnownFileType = text.xcconfig; name = "Pods-iHS Swift.release.xcconfig"; path = "Pods/Target Support Files/Pods-iHS Swift/Pods-iHS Swift.release.xcconfig"; sourceTree = "<group>"; };
		DFC69544FCADE95E58F157AC /* libPods-iHS SwiftTests.a */ = {isa = PBXFileReference; explicitFileType = archive.ar; includeInIndex = 0; path = "libPods-iHS SwiftTests.a"; sourceTree = BUILT_PRODUCTS_DIR; };
		EE0D95E71DD45952004581C4 /* IHS15.sqlite */ = {isa = PBXFileReference; lastKnownFileType = file; path = IHS15.sqlite; sourceTree = "<group>"; };
		EE0D95E91DD45AD1004581C4 /* A.swift */ = {isa = PBXFileReference; fileEncoding = 4; lastKnownFileType = sourcecode.swift; path = A.swift; sourceTree = "<group>"; };
		EE0D95EC1DD45BA9004581C4 /* iHS Swift-Bridging-Header.h */ = {isa = PBXFileReference; lastKnownFileType = sourcecode.c.h; path = "iHS Swift-Bridging-Header.h"; sourceTree = "<group>"; };
		EE0D95ED1DD45BAA004581C4 /* Socket.c */ = {isa = PBXFileReference; fileEncoding = 4; lastKnownFileType = sourcecode.c.c; path = Socket.c; sourceTree = "<group>"; };
		EE0D95EE1DD45BAA004581C4 /* Socket.h */ = {isa = PBXFileReference; fileEncoding = 4; lastKnownFileType = sourcecode.c.h; path = Socket.h; sourceTree = "<group>"; };
		EE0D95EF1DD45BAA004581C4 /* SocketManager.swift */ = {isa = PBXFileReference; fileEncoding = 4; lastKnownFileType = sourcecode.swift; path = SocketManager.swift; sourceTree = "<group>"; };
		EE0D95F31DD46076004581C4 /* DBManager.swift */ = {isa = PBXFileReference; fileEncoding = 4; lastKnownFileType = sourcecode.swift; path = DBManager.swift; sourceTree = "<group>"; };
		EE35A68E1DEEB3C90076DE76 /* Reachability.swift */ = {isa = PBXFileReference; fileEncoding = 4; lastKnownFileType = sourcecode.swift; path = Reachability.swift; sourceTree = "<group>"; };
		EECF738A1DE6AB75006DA1B4 /* Internet.swift */ = {isa = PBXFileReference; fileEncoding = 4; lastKnownFileType = sourcecode.swift; path = Internet.swift; sourceTree = "<group>"; };
		EED4DA081DDC36B400299ED0 /* Welcome.storyboard */ = {isa = PBXFileReference; fileEncoding = 4; lastKnownFileType = file.storyboard; path = Welcome.storyboard; sourceTree = "<group>"; };
		EED4DA0B1DDC372C00299ED0 /* JsonMaker.swift */ = {isa = PBXFileReference; fileEncoding = 4; lastKnownFileType = sourcecode.swift; path = JsonMaker.swift; sourceTree = "<group>"; };
		EED4DA0C1DDC372C00299ED0 /* JsonSerializer.swift */ = {isa = PBXFileReference; fileEncoding = 4; lastKnownFileType = sourcecode.swift; path = JsonSerializer.swift; sourceTree = "<group>"; };
		EED4DA0F1DDC49C500299ED0 /* LanguageVC.swift */ = {isa = PBXFileReference; fileEncoding = 4; lastKnownFileType = sourcecode.swift; path = LanguageVC.swift; sourceTree = "<group>"; };
		EED4DA101DDC49C500299ED0 /* WelcomeVC.swift */ = {isa = PBXFileReference; fileEncoding = 4; lastKnownFileType = sourcecode.swift; path = WelcomeVC.swift; sourceTree = "<group>"; };
		EED4DA111DDC49C500299ED0 /* RegisterVC.swift */ = {isa = PBXFileReference; fileEncoding = 4; lastKnownFileType = sourcecode.swift; path = RegisterVC.swift; sourceTree = "<group>"; };
		EED4DA121DDC49C500299ED0 /* BarcodeVC.swift */ = {isa = PBXFileReference; fileEncoding = 4; lastKnownFileType = sourcecode.swift; path = BarcodeVC.swift; sourceTree = "<group>"; };
		EEDA151D1DD33AC0007D1F3F /* iHS Swift.app */ = {isa = PBXFileReference; explicitFileType = wrapper.application; includeInIndex = 0; path = "iHS Swift.app"; sourceTree = BUILT_PRODUCTS_DIR; };
		EEDA15201DD33AC0007D1F3F /* AppDelegate.swift */ = {isa = PBXFileReference; lastKnownFileType = sourcecode.swift; path = AppDelegate.swift; sourceTree = "<group>"; };
		EEDA15271DD33AC0007D1F3F /* Assets.xcassets */ = {isa = PBXFileReference; lastKnownFileType = folder.assetcatalog; path = Assets.xcassets; sourceTree = "<group>"; };
		EEDA152A1DD33AC0007D1F3F /* Base */ = {isa = PBXFileReference; lastKnownFileType = file.storyboard; name = Base; path = Base.lproj/LaunchScreen.storyboard; sourceTree = "<group>"; };
		EEDA152C1DD33AC0007D1F3F /* Info.plist */ = {isa = PBXFileReference; lastKnownFileType = text.plist.xml; path = Info.plist; sourceTree = "<group>"; };
		EEDA15311DD33AC0007D1F3F /* iHS SwiftTests.xctest */ = {isa = PBXFileReference; explicitFileType = wrapper.cfbundle; includeInIndex = 0; path = "iHS SwiftTests.xctest"; sourceTree = BUILT_PRODUCTS_DIR; };
		EEDA15351DD33AC0007D1F3F /* iHS_SwiftTests.swift */ = {isa = PBXFileReference; lastKnownFileType = sourcecode.swift; path = iHS_SwiftTests.swift; sourceTree = "<group>"; };
		EEDA15371DD33AC0007D1F3F /* Info.plist */ = {isa = PBXFileReference; lastKnownFileType = text.plist.xml; path = Info.plist; sourceTree = "<group>"; };
		EEDA153C1DD33AC0007D1F3F /* iHS SwiftUITests.xctest */ = {isa = PBXFileReference; explicitFileType = wrapper.cfbundle; includeInIndex = 0; path = "iHS SwiftUITests.xctest"; sourceTree = BUILT_PRODUCTS_DIR; };
		EEDA15401DD33AC0007D1F3F /* iHS_SwiftUITests.swift */ = {isa = PBXFileReference; lastKnownFileType = sourcecode.swift; path = iHS_SwiftUITests.swift; sourceTree = "<group>"; };
		EEDA15421DD33AC0007D1F3F /* Info.plist */ = {isa = PBXFileReference; lastKnownFileType = text.plist.xml; path = Info.plist; sourceTree = "<group>"; };
		F373C46FB532B4528CD15EAB /* Pods-iHS Swift.debug.xcconfig */ = {isa = PBXFileReference; includeInIndex = 1; lastKnownFileType = text.xcconfig; name = "Pods-iHS Swift.debug.xcconfig"; path = "Pods/Target Support Files/Pods-iHS Swift/Pods-iHS Swift.debug.xcconfig"; sourceTree = "<group>"; };
		FEAD9DA34D9AD4BF86F511B5 /* Pods-iHS SwiftTests.debug.xcconfig */ = {isa = PBXFileReference; includeInIndex = 1; lastKnownFileType = text.xcconfig; name = "Pods-iHS SwiftTests.debug.xcconfig"; path = "Pods/Target Support Files/Pods-iHS SwiftTests/Pods-iHS SwiftTests.debug.xcconfig"; sourceTree = "<group>"; };
		FFE73A0A9454D190F3B4AF36 /* libPods-iHS Swift.a */ = {isa = PBXFileReference; explicitFileType = archive.ar; includeInIndex = 0; path = "libPods-iHS Swift.a"; sourceTree = BUILT_PRODUCTS_DIR; };
/* End PBXFileReference section */

/* Begin PBXFrameworksBuildPhase section */
		EEDA151A1DD33AC0007D1F3F /* Frameworks */ = {
			isa = PBXFrameworksBuildPhase;
			buildActionMask = 2147483647;
			files = (
				911903B57F293EBD6D3B3C27 /* libPods-iHS Swift.a in Frameworks */,
			);
			runOnlyForDeploymentPostprocessing = 0;
		};
		EEDA152E1DD33AC0007D1F3F /* Frameworks */ = {
			isa = PBXFrameworksBuildPhase;
			buildActionMask = 2147483647;
			files = (
				9076CD0CDE56C977F16A007A /* libPods-iHS SwiftTests.a in Frameworks */,
			);
			runOnlyForDeploymentPostprocessing = 0;
		};
		EEDA15391DD33AC0007D1F3F /* Frameworks */ = {
			isa = PBXFrameworksBuildPhase;
			buildActionMask = 2147483647;
			files = (
				2566916F5A3B6A68D81AC50A /* libPods-iHS SwiftUITests.a in Frameworks */,
			);
			runOnlyForDeploymentPostprocessing = 0;
		};
/* End PBXFrameworksBuildPhase section */

/* Begin PBXGroup section */
		267B8DA7A6417599C07B4486 /* Pods */ = {
			isa = PBXGroup;
			children = (
				F373C46FB532B4528CD15EAB /* Pods-iHS Swift.debug.xcconfig */,
				B1122BBDB93314F843980D19 /* Pods-iHS Swift.release.xcconfig */,
				FEAD9DA34D9AD4BF86F511B5 /* Pods-iHS SwiftTests.debug.xcconfig */,
				696FC33BFC8868DAEABD38FF /* Pods-iHS SwiftTests.release.xcconfig */,
				02749164C035E008FF644075 /* Pods-iHS SwiftUITests.debug.xcconfig */,
				6EAD22B47A02235459A4EAEA /* Pods-iHS SwiftUITests.release.xcconfig */,
			);
			name = Pods;
			sourceTree = "<group>";
		};
		567051D91B67E8DADE64D133 /* Frameworks */ = {
			isa = PBXGroup;
			children = (
				FFE73A0A9454D190F3B4AF36 /* libPods-iHS Swift.a */,
				DFC69544FCADE95E58F157AC /* libPods-iHS SwiftTests.a */,
				A5CC00DA651E7762CE8EF54B /* libPods-iHS SwiftUITests.a */,
			);
			name = Frameworks;
			sourceTree = "<group>";
		};
		5B00F0E61DF7CE1F00C8BF5E /* Notify */ = {
			isa = PBXGroup;
			children = (
				5B00F0E71DF7CE5A00C8BF5E /* CellNotify.swift */,
				5B00F0E91DF7CE7400C8BF5E /* CellNotify.xib */,
			);
			name = Notify;
			sourceTree = "<group>";
		};
		5B06B68F1DD3487B004E9877 /* View */ = {
			isa = PBXGroup;
			children = (
				EED4DA081DDC36B400299ED0 /* Welcome.storyboard */,
				5BCDCD5C1DD47FAE00CC3372 /* Main.storyboard */,
				5B00F0E61DF7CE1F00C8BF5E /* Notify */,
				5BEA78CF1DDAE4C500A71068 /* Scenarios */,
				5BEA78CA1DDAD8E200A71068 /* Favorites */,
				5B06CBFB1DF42E14000C4DE6 /* Device */,
				5B6247BD1DD7002600760F10 /* Rooms */,
				5BBA15B91DD61E5E00983D23 /* TopBar */,
			);
			name = View;
			sourceTree = "<group>";
		};
		5B06B6901DD34882004E9877 /* Controller */ = {
			isa = PBXGroup;
			children = (
				5BCDCD5E1DD47FCB00CC3372 /* Section 1 */,
				5BCDCD671DD47FE000CC3372 /* Section 2 */,
			);
			name = Controller;
			sourceTree = "<group>";
		};
		5B06B6911DD3488A004E9877 /* Model */ = {
			isa = PBXGroup;
			children = (
				EE0D95E51DD45486004581C4 /* Models */,
				EE0D95E41DD45480004581C4 /* Net */,
				EE0D95E31DD45475004581C4 /* DB */,
				EE0D95E91DD45AD1004581C4 /* A.swift */,
			);
			name = Model;
			sourceTree = "<group>";
		};
		5B06B6921DD34893004E9877 /* Support */ = {
			isa = PBXGroup;
			children = (
				EE0D95EC1DD45BA9004581C4 /* iHS Swift-Bridging-Header.h */,
				EEDA15201DD33AC0007D1F3F /* AppDelegate.swift */,
				EEDA15291DD33AC0007D1F3F /* LaunchScreen.storyboard */,
				EEDA152C1DD33AC0007D1F3F /* Info.plist */,
			);
			name = Support;
			sourceTree = "<group>";
		};
		5B06CBF31DF40C74000C4DE6 /* SelectedCellNodes */ = {
			isa = PBXGroup;
			children = (
				5B06CBF41DF40CAD000C4DE6 /* TopBarRooms.swift */,
				5B06CBF61DF40CBD000C4DE6 /* TopBarRooms.xib */,
			);
			name = SelectedCellNodes;
			sourceTree = "<group>";
		};
		5B06CBFA1DF4140A000C4DE6 /* Secondary */ = {
			isa = PBXGroup;
			children = (
				5B06CBF81DF413CE000C4DE6 /* DeviceVC.swift */,
				5B43C56C1DE2C8E500F8EDEF /* ScenarioDetailVC.swift */,
				5B00F0EB1DF7CEE200C8BF5E /* NotifyVC.swift */,
			);
			name = Secondary;
			sourceTree = "<group>";
		};
		5B06CBFB1DF42E14000C4DE6 /* Device */ = {
			isa = PBXGroup;
			children = (
				5B06CC0D1DF42F4C000C4DE6 /* Dimmer */,
				5B06CC061DF42F19000C4DE6 /* Switch */,
				5B06CC011DF42E8D000C4DE6 /* Curtain */,
				5B06CC001DF42E7C000C4DE6 /* Cooler */,
			);
			name = Device;
			sourceTree = "<group>";
		};
		5B06CC001DF42E7C000C4DE6 /* Cooler */ = {
			isa = PBXGroup;
			children = (
				5B06CBFC1DF42E6D000C4DE6 /* Cooler.swift */,
				5B06CBFE1DF42E78000C4DE6 /* Cooler.xib */,
			);
			name = Cooler;
			sourceTree = "<group>";
		};
		5B06CC011DF42E8D000C4DE6 /* Curtain */ = {
			isa = PBXGroup;
			children = (
				5B06CC021DF42EA5000C4DE6 /* Curtain.swift */,
				5B06CC041DF42EAE000C4DE6 /* Curtain.xib */,
			);
			name = Curtain;
			sourceTree = "<group>";
		};
		5B06CC061DF42F19000C4DE6 /* Switch */ = {
			isa = PBXGroup;
			children = (
				5B06CC071DF42F28000C4DE6 /* Switch.xib */,
				5B06CC091DF42F30000C4DE6 /* Switch.swift */,
			);
			name = Switch;
			sourceTree = "<group>";
		};
		5B06CC0D1DF42F4C000C4DE6 /* Dimmer */ = {
			isa = PBXGroup;
			children = (
				5B06CC0B1DF42F47000C4DE6 /* Dimmer.swift */,
				5B06CC0E1DF42F5E000C4DE6 /* Dimmer.xib */,
			);
			name = Dimmer;
			sourceTree = "<group>";
		};
		5B6247BD1DD7002600760F10 /* Rooms */ = {
			isa = PBXGroup;
			children = (
				5B06CBF31DF40C74000C4DE6 /* SelectedCellNodes */,
				5B6247BF1DD7004400760F10 /* Cell */,
				5B6247BE1DD7003500760F10 /* Section */,
			);
			name = Rooms;
			sourceTree = "<group>";
		};
		5B6247BE1DD7003500760F10 /* Section */ = {
			isa = PBXGroup;
			children = (
				5B6247C41DD700D500760F10 /* SectionRooms.xib */,
				5B6247C61DD700E800760F10 /* SectionRooms.swift */,
				5B3937FC1DDC515600808098 /* SectionRoomsLeftAllignment.swift */,
				5B3937FE1DDC516E00808098 /* SectionRoomsLeftAllignment.xib */,
			);
			name = Section;
			sourceTree = "<group>";
		};
		5B6247BF1DD7004400760F10 /* Cell */ = {
			isa = PBXGroup;
			children = (
				5B6247C21DD700BB00760F10 /* CellRooms.swift */,
				5B3938001DDC544700808098 /* CellRoomsLeftAllignment.swift */,
				5B6247C01DD7007700760F10 /* CellRooms.xib */,
				5B3938021DDC547500808098 /* CellRoomsLeftAllignment.xib */,
			);
			name = Cell;
			sourceTree = "<group>";
		};
		5BBA15B91DD61E5E00983D23 /* TopBar */ = {
			isa = PBXGroup;
			children = (
				5B06B6991DD35F0A004E9877 /* TopBar.swift */,
				5B06B69B1DD36199004E9877 /* TopBar.xib */,
			);
			name = TopBar;
			sourceTree = "<group>";
		};
		5BCDCD5E1DD47FCB00CC3372 /* Section 1 */ = {
			isa = PBXGroup;
			children = (
				EED4DA0F1DDC49C500299ED0 /* LanguageVC.swift */,
				EED4DA101DDC49C500299ED0 /* WelcomeVC.swift */,
				EED4DA111DDC49C500299ED0 /* RegisterVC.swift */,
				EED4DA121DDC49C500299ED0 /* BarcodeVC.swift */,
			);
			name = "Section 1";
			sourceTree = "<group>";
		};
		5BCDCD671DD47FE000CC3372 /* Section 2 */ = {
			isa = PBXGroup;
			children = (
				5BCDCD681DD47FF600CC3372 /* SecondPageTBC.swift */,
				5BCDCD691DD47FF600CC3372 /* FavoritesVC.swift */,
				5BCDCD6A1DD47FF600CC3372 /* DevicesVC.swift */,
				5BCDCD6B1DD47FF600CC3372 /* ScenarioVC.swift */,
				5BCDCD6C1DD47FF600CC3372 /* SettingVC.swift */,
				5B06CBFA1DF4140A000C4DE6 /* Secondary */,
			);
			name = "Section 2";
			sourceTree = "<group>";
		};
		5BDC76DD1DD9939A00F63E55 /* Room Models */ = {
			isa = PBXGroup;
			children = (
				5BDC76DE1DD993AD00F63E55 /* RoomModel.swift */,
				5BDC76E01DD993BF00F63E55 /* SectionModel.swift */,
			);
			name = "Room Models";
			sourceTree = "<group>";
		};
		5BDD8E801DEEE8AC007EFB62 /* ScenarioDetail */ = {
			isa = PBXGroup;
			children = (
				5BDD8E811DEEE8EE007EFB62 /* ScenarioDetailCell.swift */,
				5B43C5631DE2BEDF00F8EDEF /* TopBarScenario.swift */,
				5B43C5661DE2BEFD00F8EDEF /* TopBarScenario.xib */,
			);
			name = ScenarioDetail;
			sourceTree = "<group>";
		};
		5BE487501DDD6C1A00635116 /* Socket Models */ = {
			isa = PBXGroup;
			children = (
				5BE487511DDD6CB600635116 /* VerificationModel.swift */,
			);
			name = "Socket Models";
			sourceTree = "<group>";
		};
		5BE487531DDD883000635116 /* Sync Models */ = {
			isa = PBXGroup;
			children = (
				5BE487541DDD885700635116 /* SyncDataModel.swift */,
				5BE487561DDD887900635116 /* SyncSendModel.swift */,
				5B35C8291DE6AC9A0054470B /* SyncRecieveModel.swift */,
			);
			name = "Sync Models";
			sourceTree = "<group>";
		};
		5BEA78CA1DDAD8E200A71068 /* Favorites */ = {
			isa = PBXGroup;
			children = (
				5BEA78CB1DDAD91700A71068 /* CellFavorites.xib */,
				5BEA78CD1DDAD94300A71068 /* CellFavorites.swift */,
			);
			name = Favorites;
			sourceTree = "<group>";
		};
		5BEA78CF1DDAE4C500A71068 /* Scenarios */ = {
			isa = PBXGroup;
			children = (
				5BEA78D01DDAE4F000A71068 /* CellScenarios.xib */,
				5BEA78D21DDAE50F00A71068 /* CellScenario.swift */,
				5BDD8E801DEEE8AC007EFB62 /* ScenarioDetail */,
			);
			name = Scenarios;
			sourceTree = "<group>";
		};
		EE0D95E31DD45475004581C4 /* DB */ = {
			isa = PBXGroup;
			children = (
				EE0D95F31DD46076004581C4 /* DBManager.swift */,
				5BC2B5901DE02F1800D3F597 /* DataManager.swift */,
			);
			name = DB;
			sourceTree = "<group>";
		};
		EE0D95E41DD45480004581C4 /* Net */ = {
			isa = PBXGroup;
			children = (
				EED4DA0A1DDC372500299ED0 /* Libs */,
				EE0D95EB1DD45B9C004581C4 /* Socket */,
			);
			name = Net;
			sourceTree = "<group>";
		};
		EE0D95E51DD45486004581C4 /* Models */ = {
			isa = PBXGroup;
			children = (
				5BE487531DDD883000635116 /* Sync Models */,
				5BE487501DDD6C1A00635116 /* Socket Models */,
				5BDC76DD1DD9939A00F63E55 /* Room Models */,
				5BDC76E21DD99EBE00F63E55 /* NodeModel.swift */,
				5BDC76E41DD99F3000F63E55 /* NotifyModel.swift */,
				5BDC76E61DD99F7A00F63E55 /* ScenarioModel.swift */,
				5BA3915A1DD9D1C0009B0D2F /* SettingsModel.swift */,
				5BA3915C1DD9D203009B0D2F /* SwitchModel.swift */,
				5BA3915E1DD9D28D009B0D2F /* TranslationModel.swift */,
			);
			name = Models;
			sourceTree = "<group>";
		};
		EE0D95E61DD45909004581C4 /* assets */ = {
			isa = PBXGroup;
			children = (
				EE0D95E71DD45952004581C4 /* IHS15.sqlite */,
			);
			name = assets;
			sourceTree = "<group>";
		};
		EE0D95EB1DD45B9C004581C4 /* Socket */ = {
			isa = PBXGroup;
			children = (
				EE0D95ED1DD45BAA004581C4 /* Socket.c */,
				EE0D95EE1DD45BAA004581C4 /* Socket.h */,
				EE0D95EF1DD45BAA004581C4 /* SocketManager.swift */,
			);
			name = Socket;
			sourceTree = "<group>";
		};
		EED4DA0A1DDC372500299ED0 /* Libs */ = {
			isa = PBXGroup;
			children = (
				EE35A68E1DEEB3C90076DE76 /* Reachability.swift */,
				EED4DA0B1DDC372C00299ED0 /* JsonMaker.swift */,
				EED4DA0C1DDC372C00299ED0 /* JsonSerializer.swift */,
				EECF738A1DE6AB75006DA1B4 /* Internet.swift */,
			);
			name = Libs;
			sourceTree = "<group>";
		};
		EEDA15141DD33ABF007D1F3F = {
			isa = PBXGroup;
			children = (
				EEDA151F1DD33AC0007D1F3F /* iHS Swift */,
				EEDA15341DD33AC0007D1F3F /* iHS SwiftTests */,
				EEDA153F1DD33AC0007D1F3F /* iHS SwiftUITests */,
				EEDA151E1DD33AC0007D1F3F /* Products */,
				267B8DA7A6417599C07B4486 /* Pods */,
				567051D91B67E8DADE64D133 /* Frameworks */,
			);
			sourceTree = "<group>";
		};
		EEDA151E1DD33AC0007D1F3F /* Products */ = {
			isa = PBXGroup;
			children = (
				EEDA151D1DD33AC0007D1F3F /* iHS Swift.app */,
				EEDA15311DD33AC0007D1F3F /* iHS SwiftTests.xctest */,
				EEDA153C1DD33AC0007D1F3F /* iHS SwiftUITests.xctest */,
			);
			name = Products;
			sourceTree = "<group>";
		};
		EEDA151F1DD33AC0007D1F3F /* iHS Swift */ = {
			isa = PBXGroup;
			children = (
				5B06B6911DD3488A004E9877 /* Model */,
				5B06B6901DD34882004E9877 /* Controller */,
				5B06B68F1DD3487B004E9877 /* View */,
				EEDA15271DD33AC0007D1F3F /* Assets.xcassets */,
				5B06B6921DD34893004E9877 /* Support */,
				EE0D95E61DD45909004581C4 /* assets */,
			);
			path = "iHS Swift";
			sourceTree = "<group>";
		};
		EEDA15341DD33AC0007D1F3F /* iHS SwiftTests */ = {
			isa = PBXGroup;
			children = (
				EEDA15351DD33AC0007D1F3F /* iHS_SwiftTests.swift */,
				EEDA15371DD33AC0007D1F3F /* Info.plist */,
			);
			path = "iHS SwiftTests";
			sourceTree = "<group>";
		};
		EEDA153F1DD33AC0007D1F3F /* iHS SwiftUITests */ = {
			isa = PBXGroup;
			children = (
				EEDA15401DD33AC0007D1F3F /* iHS_SwiftUITests.swift */,
				EEDA15421DD33AC0007D1F3F /* Info.plist */,
			);
			path = "iHS SwiftUITests";
			sourceTree = "<group>";
		};
/* End PBXGroup section */

/* Begin PBXNativeTarget section */
		EEDA151C1DD33AC0007D1F3F /* iHS Swift */ = {
			isa = PBXNativeTarget;
			buildConfigurationList = EEDA15451DD33AC0007D1F3F /* Build configuration list for PBXNativeTarget "iHS Swift" */;
			buildPhases = (
				B9189888831FF8A4C2BA0D48 /* [CP] Check Pods Manifest.lock */,
				EEDA15191DD33AC0007D1F3F /* Sources */,
				EEDA151A1DD33AC0007D1F3F /* Frameworks */,
				EEDA151B1DD33AC0007D1F3F /* Resources */,
				0044C39B196A88CA7D1453D9 /* [CP] Embed Pods Frameworks */,
				DE23C7E0A0B417E720608C8A /* [CP] Copy Pods Resources */,
			);
			buildRules = (
			);
			dependencies = (
			);
			name = "iHS Swift";
			productName = "iHS Swift";
			productReference = EEDA151D1DD33AC0007D1F3F /* iHS Swift.app */;
			productType = "com.apple.product-type.application";
		};
		EEDA15301DD33AC0007D1F3F /* iHS SwiftTests */ = {
			isa = PBXNativeTarget;
			buildConfigurationList = EEDA15481DD33AC0007D1F3F /* Build configuration list for PBXNativeTarget "iHS SwiftTests" */;
			buildPhases = (
				422F0EF66FD4BA61DC5C1A01 /* [CP] Check Pods Manifest.lock */,
				EEDA152D1DD33AC0007D1F3F /* Sources */,
				EEDA152E1DD33AC0007D1F3F /* Frameworks */,
				EEDA152F1DD33AC0007D1F3F /* Resources */,
				5B87D3290B6E1938DDDF76EF /* [CP] Embed Pods Frameworks */,
				E40D73F30D5FF7DA4D8A68DA /* [CP] Copy Pods Resources */,
			);
			buildRules = (
			);
			dependencies = (
				EEDA15331DD33AC0007D1F3F /* PBXTargetDependency */,
			);
			name = "iHS SwiftTests";
			productName = "iHS SwiftTests";
			productReference = EEDA15311DD33AC0007D1F3F /* iHS SwiftTests.xctest */;
			productType = "com.apple.product-type.bundle.unit-test";
		};
		EEDA153B1DD33AC0007D1F3F /* iHS SwiftUITests */ = {
			isa = PBXNativeTarget;
			buildConfigurationList = EEDA154B1DD33AC0007D1F3F /* Build configuration list for PBXNativeTarget "iHS SwiftUITests" */;
			buildPhases = (
				6039EA9CECB84CC9DA64FCCC /* [CP] Check Pods Manifest.lock */,
				EEDA15381DD33AC0007D1F3F /* Sources */,
				EEDA15391DD33AC0007D1F3F /* Frameworks */,
				EEDA153A1DD33AC0007D1F3F /* Resources */,
				FCAD7DD7EC08BA80227DB3E0 /* [CP] Copy Pods Resources */,
			);
			buildRules = (
			);
			dependencies = (
				EEDA153E1DD33AC0007D1F3F /* PBXTargetDependency */,
			);
			name = "iHS SwiftUITests";
			productName = "iHS SwiftUITests";
			productReference = EEDA153C1DD33AC0007D1F3F /* iHS SwiftUITests.xctest */;
			productType = "com.apple.product-type.bundle.ui-testing";
		};
/* End PBXNativeTarget section */

/* Begin PBXProject section */
		EEDA15151DD33ABF007D1F3F /* Project object */ = {
			isa = PBXProject;
			attributes = {
				LastSwiftUpdateCheck = 0800;
				LastUpgradeCheck = 0810;
				ORGANIZATIONNAME = "Ali Zare Sh";
				TargetAttributes = {
					EEDA151C1DD33AC0007D1F3F = {
						CreatedOnToolsVersion = 8.0;
						DevelopmentTeam = Z377M45A22;
						LastSwiftMigration = 0820;
						ProvisioningStyle = Manual;
					};
					EEDA15301DD33AC0007D1F3F = {
						CreatedOnToolsVersion = 8.0;
						DevelopmentTeam = Z377M45A22;
						ProvisioningStyle = Automatic;
						TestTargetID = EEDA151C1DD33AC0007D1F3F;
					};
					EEDA153B1DD33AC0007D1F3F = {
						CreatedOnToolsVersion = 8.0;
						DevelopmentTeam = Z377M45A22;
						ProvisioningStyle = Automatic;
						TestTargetID = EEDA151C1DD33AC0007D1F3F;
					};
				};
			};
			buildConfigurationList = EEDA15181DD33ABF007D1F3F /* Build configuration list for PBXProject "iHS Swift" */;
			compatibilityVersion = "Xcode 3.2";
			developmentRegion = English;
			hasScannedForEncodings = 0;
			knownRegions = (
				en,
				Base,
			);
			mainGroup = EEDA15141DD33ABF007D1F3F;
			productRefGroup = EEDA151E1DD33AC0007D1F3F /* Products */;
			projectDirPath = "";
			projectRoot = "";
			targets = (
				EEDA151C1DD33AC0007D1F3F /* iHS Swift */,
				EEDA15301DD33AC0007D1F3F /* iHS SwiftTests */,
				EEDA153B1DD33AC0007D1F3F /* iHS SwiftUITests */,
			);
		};
/* End PBXProject section */

/* Begin PBXResourcesBuildPhase section */
		EEDA151B1DD33AC0007D1F3F /* Resources */ = {
			isa = PBXResourcesBuildPhase;
			buildActionMask = 2147483647;
			files = (
				5BEA78CC1DDAD91700A71068 /* CellFavorites.xib in Resources */,
				EEDA152B1DD33AC0007D1F3F /* LaunchScreen.storyboard in Resources */,
				5B06CC051DF42EAE000C4DE6 /* Curtain.xib in Resources */,
				5B06CC081DF42F28000C4DE6 /* Switch.xib in Resources */,
				5BCDCD5D1DD47FAE00CC3372 /* Main.storyboard in Resources */,
				EEDA15281DD33AC0007D1F3F /* Assets.xcassets in Resources */,
				5B06B69C1DD36199004E9877 /* TopBar.xib in Resources */,
				EED4DA091DDC36B400299ED0 /* Welcome.storyboard in Resources */,
				5B06CBF71DF40CBE000C4DE6 /* TopBarRooms.xib in Resources */,
				5B43C5671DE2BEFD00F8EDEF /* TopBarScenario.xib in Resources */,
				5B3937FF1DDC516E00808098 /* SectionRoomsLeftAllignment.xib in Resources */,
				5B6247C51DD700D500760F10 /* SectionRooms.xib in Resources */,
				5B00F0EA1DF7CE7400C8BF5E /* CellNotify.xib in Resources */,
				5BEA78D11DDAE4F000A71068 /* CellScenarios.xib in Resources */,
				5B06CC0F1DF42F5E000C4DE6 /* Dimmer.xib in Resources */,
				5B6247C11DD7007700760F10 /* CellRooms.xib in Resources */,
				5B3938031DDC547500808098 /* CellRoomsLeftAllignment.xib in Resources */,
				5B06CBFF1DF42E78000C4DE6 /* Cooler.xib in Resources */,
				EE0D95E81DD45952004581C4 /* IHS15.sqlite in Resources */,
			);
			runOnlyForDeploymentPostprocessing = 0;
		};
		EEDA152F1DD33AC0007D1F3F /* Resources */ = {
			isa = PBXResourcesBuildPhase;
			buildActionMask = 2147483647;
			files = (
			);
			runOnlyForDeploymentPostprocessing = 0;
		};
		EEDA153A1DD33AC0007D1F3F /* Resources */ = {
			isa = PBXResourcesBuildPhase;
			buildActionMask = 2147483647;
			files = (
			);
			runOnlyForDeploymentPostprocessing = 0;
		};
/* End PBXResourcesBuildPhase section */

/* Begin PBXShellScriptBuildPhase section */
		0044C39B196A88CA7D1453D9 /* [CP] Embed Pods Frameworks */ = {
			isa = PBXShellScriptBuildPhase;
			buildActionMask = 2147483647;
			files = (
			);
			inputPaths = (
			);
			name = "[CP] Embed Pods Frameworks";
			outputPaths = (
			);
			runOnlyForDeploymentPostprocessing = 0;
			shellPath = /bin/sh;
			shellScript = "\"${SRCROOT}/Pods/Target Support Files/Pods-iHS Swift/Pods-iHS Swift-frameworks.sh\"\n";
			showEnvVarsInLog = 0;
		};
		422F0EF66FD4BA61DC5C1A01 /* [CP] Check Pods Manifest.lock */ = {
			isa = PBXShellScriptBuildPhase;
			buildActionMask = 2147483647;
			files = (
			);
			inputPaths = (
			);
			name = "[CP] Check Pods Manifest.lock";
			outputPaths = (
			);
			runOnlyForDeploymentPostprocessing = 0;
			shellPath = /bin/sh;
			shellScript = "diff \"${PODS_ROOT}/../Podfile.lock\" \"${PODS_ROOT}/Manifest.lock\" > /dev/null\nif [[ $? != 0 ]] ; then\n    cat << EOM\nerror: The sandbox is not in sync with the Podfile.lock. Run 'pod install' or update your CocoaPods installation.\nEOM\n    exit 1\nfi\n";
			showEnvVarsInLog = 0;
		};
		5B87D3290B6E1938DDDF76EF /* [CP] Embed Pods Frameworks */ = {
			isa = PBXShellScriptBuildPhase;
			buildActionMask = 2147483647;
			files = (
			);
			inputPaths = (
			);
			name = "[CP] Embed Pods Frameworks";
			outputPaths = (
			);
			runOnlyForDeploymentPostprocessing = 0;
			shellPath = /bin/sh;
			shellScript = "\"${SRCROOT}/Pods/Target Support Files/Pods-iHS SwiftTests/Pods-iHS SwiftTests-frameworks.sh\"\n";
			showEnvVarsInLog = 0;
		};
		6039EA9CECB84CC9DA64FCCC /* [CP] Check Pods Manifest.lock */ = {
			isa = PBXShellScriptBuildPhase;
			buildActionMask = 2147483647;
			files = (
			);
			inputPaths = (
			);
			name = "[CP] Check Pods Manifest.lock";
			outputPaths = (
			);
			runOnlyForDeploymentPostprocessing = 0;
			shellPath = /bin/sh;
			shellScript = "diff \"${PODS_ROOT}/../Podfile.lock\" \"${PODS_ROOT}/Manifest.lock\" > /dev/null\nif [[ $? != 0 ]] ; then\n    cat << EOM\nerror: The sandbox is not in sync with the Podfile.lock. Run 'pod install' or update your CocoaPods installation.\nEOM\n    exit 1\nfi\n";
			showEnvVarsInLog = 0;
		};
		B9189888831FF8A4C2BA0D48 /* [CP] Check Pods Manifest.lock */ = {
			isa = PBXShellScriptBuildPhase;
			buildActionMask = 2147483647;
			files = (
			);
			inputPaths = (
			);
			name = "[CP] Check Pods Manifest.lock";
			outputPaths = (
			);
			runOnlyForDeploymentPostprocessing = 0;
			shellPath = /bin/sh;
			shellScript = "diff \"${PODS_ROOT}/../Podfile.lock\" \"${PODS_ROOT}/Manifest.lock\" > /dev/null\nif [[ $? != 0 ]] ; then\n    cat << EOM\nerror: The sandbox is not in sync with the Podfile.lock. Run 'pod install' or update your CocoaPods installation.\nEOM\n    exit 1\nfi\n";
			showEnvVarsInLog = 0;
		};
		DE23C7E0A0B417E720608C8A /* [CP] Copy Pods Resources */ = {
			isa = PBXShellScriptBuildPhase;
			buildActionMask = 2147483647;
			files = (
			);
			inputPaths = (
			);
			name = "[CP] Copy Pods Resources";
			outputPaths = (
			);
			runOnlyForDeploymentPostprocessing = 0;
			shellPath = /bin/sh;
			shellScript = "\"${SRCROOT}/Pods/Target Support Files/Pods-iHS Swift/Pods-iHS Swift-resources.sh\"\n";
			showEnvVarsInLog = 0;
		};
		E40D73F30D5FF7DA4D8A68DA /* [CP] Copy Pods Resources */ = {
			isa = PBXShellScriptBuildPhase;
			buildActionMask = 2147483647;
			files = (
			);
			inputPaths = (
			);
			name = "[CP] Copy Pods Resources";
			outputPaths = (
			);
			runOnlyForDeploymentPostprocessing = 0;
			shellPath = /bin/sh;
			shellScript = "\"${SRCROOT}/Pods/Target Support Files/Pods-iHS SwiftTests/Pods-iHS SwiftTests-resources.sh\"\n";
			showEnvVarsInLog = 0;
		};
		FCAD7DD7EC08BA80227DB3E0 /* [CP] Copy Pods Resources */ = {
			isa = PBXShellScriptBuildPhase;
			buildActionMask = 2147483647;
			files = (
			);
			inputPaths = (
			);
			name = "[CP] Copy Pods Resources";
			outputPaths = (
			);
			runOnlyForDeploymentPostprocessing = 0;
			shellPath = /bin/sh;
			shellScript = "\"${SRCROOT}/Pods/Target Support Files/Pods-iHS SwiftUITests/Pods-iHS SwiftUITests-resources.sh\"\n";
			showEnvVarsInLog = 0;
		};
/* End PBXShellScriptBuildPhase section */

/* Begin PBXSourcesBuildPhase section */
		EEDA15191DD33AC0007D1F3F /* Sources */ = {
			isa = PBXSourcesBuildPhase;
			buildActionMask = 2147483647;
			files = (
				EE0D95F01DD45BAA004581C4 /* Socket.c in Sources */,
				EE0D95F11DD45BAA004581C4 /* SocketManager.swift in Sources */,
				5B06CC031DF42EA5000C4DE6 /* Curtain.swift in Sources */,
				5BCDCD701DD47FF600CC3372 /* ScenarioVC.swift in Sources */,
				EE0D95F41DD46076004581C4 /* DBManager.swift in Sources */,
				5B3937FD1DDC515600808098 /* SectionRoomsLeftAllignment.swift in Sources */,
				5BDC76DF1DD993AD00F63E55 /* RoomModel.swift in Sources */,
				5BE487521DDD6CB600635116 /* VerificationModel.swift in Sources */,
				5B43C56D1DE2C8E500F8EDEF /* ScenarioDetailVC.swift in Sources */,
				5BCDCD6D1DD47FF600CC3372 /* SecondPageTBC.swift in Sources */,
				5BDC76E11DD993BF00F63E55 /* SectionModel.swift in Sources */,
				5BA3915B1DD9D1C0009B0D2F /* SettingsModel.swift in Sources */,
				5BE487551DDD885700635116 /* SyncDataModel.swift in Sources */,
				5B43C5641DE2BEDF00F8EDEF /* TopBarScenario.swift in Sources */,
				EED4DA161DDC49C500299ED0 /* BarcodeVC.swift in Sources */,
				EECF738B1DE6AB75006DA1B4 /* Internet.swift in Sources */,
				EED4DA131DDC49C500299ED0 /* LanguageVC.swift in Sources */,
				5B06B69A1DD35F0A004E9877 /* TopBar.swift in Sources */,
				5B00F0EC1DF7CEE200C8BF5E /* NotifyVC.swift in Sources */,
				5B3938011DDC544700808098 /* CellRoomsLeftAllignment.swift in Sources */,
				5BCDCD711DD47FF600CC3372 /* SettingVC.swift in Sources */,
				5BDD8E821DEEE8EE007EFB62 /* ScenarioDetailCell.swift in Sources */,
				5B06CC0A1DF42F30000C4DE6 /* Switch.swift in Sources */,
				5B06CC0C1DF42F47000C4DE6 /* Dimmer.swift in Sources */,
				EE0D95EA1DD45AD1004581C4 /* A.swift in Sources */,
				EED4DA0D1DDC372C00299ED0 /* JsonMaker.swift in Sources */,
				5B6247C31DD700BB00760F10 /* CellRooms.swift in Sources */,
				5B6247C71DD700E800760F10 /* SectionRooms.swift in Sources */,
				5BA3915D1DD9D203009B0D2F /* SwitchModel.swift in Sources */,
				5BCDCD6E1DD47FF600CC3372 /* FavoritesVC.swift in Sources */,
				5B06CBF51DF40CAD000C4DE6 /* TopBarRooms.swift in Sources */,
				5BE487571DDD887900635116 /* SyncSendModel.swift in Sources */,
				5BA3915F1DD9D28D009B0D2F /* TranslationModel.swift in Sources */,
				5BCDCD6F1DD47FF600CC3372 /* DevicesVC.swift in Sources */,
				5BDC76E71DD99F7A00F63E55 /* ScenarioModel.swift in Sources */,
				5B06CBFD1DF42E6D000C4DE6 /* Cooler.swift in Sources */,
				5BEA78CE1DDAD94300A71068 /* CellFavorites.swift in Sources */,
				5BDC76E31DD99EBE00F63E55 /* NodeModel.swift in Sources */,
				5B00F0E81DF7CE5A00C8BF5E /* CellNotify.swift in Sources */,
				EE35A68F1DEEB3C90076DE76 /* Reachability.swift in Sources */,
				EEDA15211DD33AC0007D1F3F /* AppDelegate.swift in Sources */,
				5BDC76E51DD99F3000F63E55 /* NotifyModel.swift in Sources */,
				EED4DA141DDC49C500299ED0 /* WelcomeVC.swift in Sources */,
				5B35C82A1DE6AC9A0054470B /* SyncRecieveModel.swift in Sources */,
				5BC2B5911DE02F1800D3F597 /* DataManager.swift in Sources */,
				EED4DA151DDC49C500299ED0 /* RegisterVC.swift in Sources */,
				5BEA78D31DDAE50F00A71068 /* CellScenario.swift in Sources */,
				5B06CBF91DF413CE000C4DE6 /* DeviceVC.swift in Sources */,
				EED4DA0E1DDC372C00299ED0 /* JsonSerializer.swift in Sources */,
			);
			runOnlyForDeploymentPostprocessing = 0;
		};
		EEDA152D1DD33AC0007D1F3F /* Sources */ = {
			isa = PBXSourcesBuildPhase;
			buildActionMask = 2147483647;
			files = (
				EEDA15361DD33AC0007D1F3F /* iHS_SwiftTests.swift in Sources */,
			);
			runOnlyForDeploymentPostprocessing = 0;
		};
		EEDA15381DD33AC0007D1F3F /* Sources */ = {
			isa = PBXSourcesBuildPhase;
			buildActionMask = 2147483647;
			files = (
				EEDA15411DD33AC0007D1F3F /* iHS_SwiftUITests.swift in Sources */,
			);
			runOnlyForDeploymentPostprocessing = 0;
		};
/* End PBXSourcesBuildPhase section */

/* Begin PBXTargetDependency section */
		EEDA15331DD33AC0007D1F3F /* PBXTargetDependency */ = {
			isa = PBXTargetDependency;
			target = EEDA151C1DD33AC0007D1F3F /* iHS Swift */;
			targetProxy = EEDA15321DD33AC0007D1F3F /* PBXContainerItemProxy */;
		};
		EEDA153E1DD33AC0007D1F3F /* PBXTargetDependency */ = {
			isa = PBXTargetDependency;
			target = EEDA151C1DD33AC0007D1F3F /* iHS Swift */;
			targetProxy = EEDA153D1DD33AC0007D1F3F /* PBXContainerItemProxy */;
		};
/* End PBXTargetDependency section */

/* Begin PBXVariantGroup section */
		EEDA15291DD33AC0007D1F3F /* LaunchScreen.storyboard */ = {
			isa = PBXVariantGroup;
			children = (
				EEDA152A1DD33AC0007D1F3F /* Base */,
			);
			name = LaunchScreen.storyboard;
			sourceTree = "<group>";
		};
/* End PBXVariantGroup section */

/* Begin XCBuildConfiguration section */
		EEDA15431DD33AC0007D1F3F /* Debug */ = {
			isa = XCBuildConfiguration;
			buildSettings = {
				ALWAYS_SEARCH_USER_PATHS = NO;
				CLANG_ANALYZER_NONNULL = YES;
				CLANG_CXX_LANGUAGE_STANDARD = "gnu++0x";
				CLANG_CXX_LIBRARY = "libc++";
				CLANG_ENABLE_MODULES = YES;
				CLANG_ENABLE_OBJC_ARC = YES;
				CLANG_WARN_BOOL_CONVERSION = YES;
				CLANG_WARN_CONSTANT_CONVERSION = YES;
				CLANG_WARN_DIRECT_OBJC_ISA_USAGE = YES_ERROR;
				CLANG_WARN_DOCUMENTATION_COMMENTS = YES;
				CLANG_WARN_EMPTY_BODY = YES;
				CLANG_WARN_ENUM_CONVERSION = YES;
				CLANG_WARN_INFINITE_RECURSION = YES;
				CLANG_WARN_INT_CONVERSION = YES;
				CLANG_WARN_OBJC_ROOT_CLASS = YES_ERROR;
				CLANG_WARN_SUSPICIOUS_MOVE = YES;
				CLANG_WARN_SUSPICIOUS_MOVES = YES;
				CLANG_WARN_UNREACHABLE_CODE = YES;
				CLANG_WARN__DUPLICATE_METHOD_MATCH = YES;
				"CODE_SIGN_IDENTITY[sdk=iphoneos*]" = "iPhone Developer";
				COPY_PHASE_STRIP = NO;
				DEBUG_INFORMATION_FORMAT = dwarf;
				ENABLE_STRICT_OBJC_MSGSEND = YES;
				ENABLE_TESTABILITY = YES;
				GCC_C_LANGUAGE_STANDARD = gnu99;
				GCC_DYNAMIC_NO_PIC = NO;
				GCC_NO_COMMON_BLOCKS = YES;
				GCC_OPTIMIZATION_LEVEL = 0;
				GCC_PREPROCESSOR_DEFINITIONS = (
					"DEBUG=1",
					"$(inherited)",
				);
				GCC_WARN_64_TO_32_BIT_CONVERSION = YES;
				GCC_WARN_ABOUT_RETURN_TYPE = YES_ERROR;
				GCC_WARN_UNDECLARED_SELECTOR = YES;
				GCC_WARN_UNINITIALIZED_AUTOS = YES_AGGRESSIVE;
				GCC_WARN_UNUSED_FUNCTION = YES;
				GCC_WARN_UNUSED_VARIABLE = YES;
				IPHONEOS_DEPLOYMENT_TARGET = 10.0;
				MTL_ENABLE_DEBUG_INFO = YES;
				ONLY_ACTIVE_ARCH = YES;
				SDKROOT = iphoneos;
				SWIFT_ACTIVE_COMPILATION_CONDITIONS = DEBUG;
				SWIFT_OPTIMIZATION_LEVEL = "-Onone";
				TARGETED_DEVICE_FAMILY = "1,2";
			};
			name = Debug;
		};
		EEDA15441DD33AC0007D1F3F /* Release */ = {
			isa = XCBuildConfiguration;
			buildSettings = {
				ALWAYS_SEARCH_USER_PATHS = NO;
				CLANG_ANALYZER_NONNULL = YES;
				CLANG_CXX_LANGUAGE_STANDARD = "gnu++0x";
				CLANG_CXX_LIBRARY = "libc++";
				CLANG_ENABLE_MODULES = YES;
				CLANG_ENABLE_OBJC_ARC = YES;
				CLANG_WARN_BOOL_CONVERSION = YES;
				CLANG_WARN_CONSTANT_CONVERSION = YES;
				CLANG_WARN_DIRECT_OBJC_ISA_USAGE = YES_ERROR;
				CLANG_WARN_DOCUMENTATION_COMMENTS = YES;
				CLANG_WARN_EMPTY_BODY = YES;
				CLANG_WARN_ENUM_CONVERSION = YES;
				CLANG_WARN_INFINITE_RECURSION = YES;
				CLANG_WARN_INT_CONVERSION = YES;
				CLANG_WARN_OBJC_ROOT_CLASS = YES_ERROR;
				CLANG_WARN_SUSPICIOUS_MOVE = YES;
				CLANG_WARN_SUSPICIOUS_MOVES = YES;
				CLANG_WARN_UNREACHABLE_CODE = YES;
				CLANG_WARN__DUPLICATE_METHOD_MATCH = YES;
				"CODE_SIGN_IDENTITY[sdk=iphoneos*]" = "iPhone Developer";
				COPY_PHASE_STRIP = NO;
				DEBUG_INFORMATION_FORMAT = "dwarf-with-dsym";
				ENABLE_NS_ASSERTIONS = NO;
				ENABLE_STRICT_OBJC_MSGSEND = YES;
				GCC_C_LANGUAGE_STANDARD = gnu99;
				GCC_NO_COMMON_BLOCKS = YES;
				GCC_WARN_64_TO_32_BIT_CONVERSION = YES;
				GCC_WARN_ABOUT_RETURN_TYPE = YES_ERROR;
				GCC_WARN_UNDECLARED_SELECTOR = YES;
				GCC_WARN_UNINITIALIZED_AUTOS = YES_AGGRESSIVE;
				GCC_WARN_UNUSED_FUNCTION = YES;
				GCC_WARN_UNUSED_VARIABLE = YES;
				IPHONEOS_DEPLOYMENT_TARGET = 10.0;
				MTL_ENABLE_DEBUG_INFO = NO;
				SDKROOT = iphoneos;
				SWIFT_OPTIMIZATION_LEVEL = "-Owholemodule";
				TARGETED_DEVICE_FAMILY = "1,2";
				VALIDATE_PRODUCT = YES;
			};
			name = Release;
		};
		EEDA15461DD33AC0007D1F3F /* Debug */ = {
			isa = XCBuildConfiguration;
			baseConfigurationReference = F373C46FB532B4528CD15EAB /* Pods-iHS Swift.debug.xcconfig */;
			buildSettings = {
				ASSETCATALOG_COMPILER_APPICON_NAME = AppIcon;
				CLANG_ENABLE_MODULES = YES;
				DEVELOPMENT_TEAM = Z377M45A22;
				INFOPLIST_FILE = "iHS Swift/Info.plist";
				IPHONEOS_DEPLOYMENT_TARGET = 8.0;
				LD_RUNPATH_SEARCH_PATHS = "$(inherited) @executable_path/Frameworks";
				ONLY_ACTIVE_ARCH = YES;
				PRODUCT_BUNDLE_IDENTIFIER = "ir.jahanmir.iHS-Swift";
				PRODUCT_NAME = "$(TARGET_NAME)";
				PROVISIONING_PROFILE = "daab38f3-b82d-431d-8184-d0fdf9a73319";
				PROVISIONING_PROFILE_SPECIFIER = "iHS Dev";
				SWIFT_OBJC_BRIDGING_HEADER = "iHS Swift/iHS Swift-Bridging-Header.h";
				SWIFT_OPTIMIZATION_LEVEL = "-Onone";
				SWIFT_VERSION = 2.3;
			};
			name = Debug;
		};
		EEDA15471DD33AC0007D1F3F /* Release */ = {
			isa = XCBuildConfiguration;
			baseConfigurationReference = B1122BBDB93314F843980D19 /* Pods-iHS Swift.release.xcconfig */;
			buildSettings = {
				ASSETCATALOG_COMPILER_APPICON_NAME = AppIcon;
				CLANG_ENABLE_MODULES = YES;
				DEVELOPMENT_TEAM = Z377M45A22;
				INFOPLIST_FILE = "iHS Swift/Info.plist";
				IPHONEOS_DEPLOYMENT_TARGET = 8.0;
				LD_RUNPATH_SEARCH_PATHS = "$(inherited) @executable_path/Frameworks";
				ONLY_ACTIVE_ARCH = NO;
				PRODUCT_BUNDLE_IDENTIFIER = "ir.jahanmir.iHS-Swift";
				PRODUCT_NAME = "$(TARGET_NAME)";
				PROVISIONING_PROFILE = "daab38f3-b82d-431d-8184-d0fdf9a73319";
				PROVISIONING_PROFILE_SPECIFIER = "iHS Dev";
				SWIFT_OBJC_BRIDGING_HEADER = "iHS Swift/iHS Swift-Bridging-Header.h";
				SWIFT_VERSION = 2.3;
			};
			name = Release;
		};
		EEDA15491DD33AC0007D1F3F /* Debug */ = {
			isa = XCBuildConfiguration;
			baseConfigurationReference = FEAD9DA34D9AD4BF86F511B5 /* Pods-iHS SwiftTests.debug.xcconfig */;
			buildSettings = {
				ALWAYS_EMBED_SWIFT_STANDARD_LIBRARIES = YES;
				BUNDLE_LOADER = "$(TEST_HOST)";
				DEVELOPMENT_TEAM = Z377M45A22;
				INFOPLIST_FILE = "iHS SwiftTests/Info.plist";
				LD_RUNPATH_SEARCH_PATHS = "$(inherited) @executable_path/Frameworks @loader_path/Frameworks";
				PRODUCT_BUNDLE_IDENTIFIER = "ir.jahanmir.iHS-SwiftTests";
				PRODUCT_NAME = "$(TARGET_NAME)";
				SWIFT_VERSION = 3.0;
				TEST_HOST = "$(BUILT_PRODUCTS_DIR)/iHS Swift.app/iHS Swift";
			};
			name = Debug;
		};
		EEDA154A1DD33AC0007D1F3F /* Release */ = {
			isa = XCBuildConfiguration;
			baseConfigurationReference = 696FC33BFC8868DAEABD38FF /* Pods-iHS SwiftTests.release.xcconfig */;
			buildSettings = {
				ALWAYS_EMBED_SWIFT_STANDARD_LIBRARIES = YES;
				BUNDLE_LOADER = "$(TEST_HOST)";
				DEVELOPMENT_TEAM = Z377M45A22;
				INFOPLIST_FILE = "iHS SwiftTests/Info.plist";
				LD_RUNPATH_SEARCH_PATHS = "$(inherited) @executable_path/Frameworks @loader_path/Frameworks";
				PRODUCT_BUNDLE_IDENTIFIER = "ir.jahanmir.iHS-SwiftTests";
				PRODUCT_NAME = "$(TARGET_NAME)";
				SWIFT_VERSION = 3.0;
				TEST_HOST = "$(BUILT_PRODUCTS_DIR)/iHS Swift.app/iHS Swift";
			};
			name = Release;
		};
		EEDA154C1DD33AC0007D1F3F /* Debug */ = {
			isa = XCBuildConfiguration;
			baseConfigurationReference = 02749164C035E008FF644075 /* Pods-iHS SwiftUITests.debug.xcconfig */;
			buildSettings = {
				ALWAYS_EMBED_SWIFT_STANDARD_LIBRARIES = YES;
				DEVELOPMENT_TEAM = Z377M45A22;
				INFOPLIST_FILE = "iHS SwiftUITests/Info.plist";
				LD_RUNPATH_SEARCH_PATHS = "$(inherited) @executable_path/Frameworks @loader_path/Frameworks";
				PRODUCT_BUNDLE_IDENTIFIER = "ir.jahanmir.iHS-SwiftUITests";
				PRODUCT_NAME = "$(TARGET_NAME)";
				SWIFT_VERSION = 3.0;
				TEST_TARGET_NAME = "iHS Swift";
			};
			name = Debug;
		};
		EEDA154D1DD33AC0007D1F3F /* Release */ = {
			isa = XCBuildConfiguration;
			baseConfigurationReference = 6EAD22B47A02235459A4EAEA /* Pods-iHS SwiftUITests.release.xcconfig */;
			buildSettings = {
				ALWAYS_EMBED_SWIFT_STANDARD_LIBRARIES = YES;
				DEVELOPMENT_TEAM = Z377M45A22;
				INFOPLIST_FILE = "iHS SwiftUITests/Info.plist";
				LD_RUNPATH_SEARCH_PATHS = "$(inherited) @executable_path/Frameworks @loader_path/Frameworks";
				PRODUCT_BUNDLE_IDENTIFIER = "ir.jahanmir.iHS-SwiftUITests";
				PRODUCT_NAME = "$(TARGET_NAME)";
				SWIFT_VERSION = 3.0;
				TEST_TARGET_NAME = "iHS Swift";
			};
			name = Release;
		};
/* End XCBuildConfiguration section */

/* Begin XCConfigurationList section */
		EEDA15181DD33ABF007D1F3F /* Build configuration list for PBXProject "iHS Swift" */ = {
			isa = XCConfigurationList;
			buildConfigurations = (
				EEDA15431DD33AC0007D1F3F /* Debug */,
				EEDA15441DD33AC0007D1F3F /* Release */,
			);
			defaultConfigurationIsVisible = 0;
			defaultConfigurationName = Release;
		};
		EEDA15451DD33AC0007D1F3F /* Build configuration list for PBXNativeTarget "iHS Swift" */ = {
			isa = XCConfigurationList;
			buildConfigurations = (
				EEDA15461DD33AC0007D1F3F /* Debug */,
				EEDA15471DD33AC0007D1F3F /* Release */,
			);
			defaultConfigurationIsVisible = 0;
			defaultConfigurationName = Release;
		};
		EEDA15481DD33AC0007D1F3F /* Build configuration list for PBXNativeTarget "iHS SwiftTests" */ = {
			isa = XCConfigurationList;
			buildConfigurations = (
				EEDA15491DD33AC0007D1F3F /* Debug */,
				EEDA154A1DD33AC0007D1F3F /* Release */,
			);
			defaultConfigurationIsVisible = 0;
			defaultConfigurationName = Release;
		};
		EEDA154B1DD33AC0007D1F3F /* Build configuration list for PBXNativeTarget "iHS SwiftUITests" */ = {
			isa = XCConfigurationList;
			buildConfigurations = (
				EEDA154C1DD33AC0007D1F3F /* Debug */,
				EEDA154D1DD33AC0007D1F3F /* Release */,
			);
			defaultConfigurationIsVisible = 0;
			defaultConfigurationName = Release;
		};
/* End XCConfigurationList section */
	};
	rootObject = EEDA15151DD33ABF007D1F3F /* Project object */;
}
